
Microsoft Visual Studio Solution File, Format Version 12.00
# Visual Studio Version 17
VisualStudioVersion = 17.2.32616.157
MinimumVisualStudioVersion = 10.0.40219.1
Project("{FAE04EC0-301F-11D3-BF4B-00C04F79EFBC}") = "DeweyDecimal", "DeweyDecimal\DeweyDecimal.csproj", "{01C21BCC-5F29-465F-8205-D772CAAA7963}"
EndProject
Global
	GlobalSection(SolutionConfigurationPlatforms) = preSolution
		Debug|Any CPU = Debug|Any CPU
		Release|Any CPU = Release|Any CPU
	EndGlobalSection
	GlobalSection(ProjectConfigurationPlatforms) = postSolution
		{01C21BCC-5F29-465F-8205-D772CAAA7963}.Debug|Any CPU.ActiveCfg = Debug|Any CPU
		{01C21BCC-5F29-465F-8205-D772CAAA7963}.Debug|Any CPU.Build.0 = Debug|Any CPU
		{01C21BCC-5F29-465F-8205-D772CAAA7963}.Release|Any CPU.ActiveCfg = Release|Any CPU
		{01C21BCC-5F29-465F-8205-D772CAAA7963}.Release|Any CPU.Build.0 = Release|Any CPU
	EndGlobalSection
	GlobalSection(SolutionProperties) = preSolution
		HideSolutionNode = FALSE
	EndGlobalSection
	GlobalSection(ExtensibilityGlobals) = postSolution
		SolutionGuid = {C37AE8DE-FF5E-46E5-93BF-A850C22B51CF}
	EndGlobalSection
EndGlobal
